
Microsoft Visual Studio Solution File, Format Version 12.00
# Visual Studio 15
VisualStudioVersion = 15.0.26124.0
MinimumVisualStudioVersion = 15.0.26124.0
Project("{9A19103F-16F7-4668-BE54-9A1E7A4F7556}") = "light", "src\light\light.csproj", "{B89EC2DC-6A47-428F-8DC6-0BC953DAA740}"
EndProject
Project("{9A19103F-16F7-4668-BE54-9A1E7A4F7556}") = "WixToolsetTest.LightIntegration", "src\test\WixToolsetTest.LightIntegration\WixToolsetTest.LightIntegration.csproj", "{8B8D47EE-14CC-4EC0-8745-4F2C9058E75F}"
EndProject
Global
	GlobalSection(SolutionConfigurationPlatforms) = preSolution
		Debug|Any CPU = Debug|Any CPU
		Debug|x64 = Debug|x64
		Debug|x86 = Debug|x86
		Release|Any CPU = Release|Any CPU
		Release|x64 = Release|x64
		Release|x86 = Release|x86
	EndGlobalSection
	GlobalSection(ProjectConfigurationPlatforms) = postSolution
		{B89EC2DC-6A47-428F-8DC6-0BC953DAA740}.Debug|Any CPU.ActiveCfg = Debug|Any CPU
		{B89EC2DC-6A47-428F-8DC6-0BC953DAA740}.Debug|Any CPU.Build.0 = Debug|Any CPU
		{B89EC2DC-6A47-428F-8DC6-0BC953DAA740}.Debug|x64.ActiveCfg = Debug|Any CPU
		{B89EC2DC-6A47-428F-8DC6-0BC953DAA740}.Debug|x64.Build.0 = Debug|Any CPU
		{B89EC2DC-6A47-428F-8DC6-0BC953DAA740}.Debug|x86.ActiveCfg = Debug|Any CPU
		{B89EC2DC-6A47-428F-8DC6-0BC953DAA740}.Debug|x86.Build.0 = Debug|Any CPU
		{B89EC2DC-6A47-428F-8DC6-0BC953DAA740}.Release|Any CPU.ActiveCfg = Release|Any CPU
		{B89EC2DC-6A47-428F-8DC6-0BC953DAA740}.Release|Any CPU.Build.0 = Release|Any CPU
		{B89EC2DC-6A47-428F-8DC6-0BC953DAA740}.Release|x64.ActiveCfg = Release|Any CPU
		{B89EC2DC-6A47-428F-8DC6-0BC953DAA740}.Release|x64.Build.0 = Release|Any CPU
		{B89EC2DC-6A47-428F-8DC6-0BC953DAA740}.Release|x86.ActiveCfg = Release|Any CPU
		{B89EC2DC-6A47-428F-8DC6-0BC953DAA740}.Release|x86.Build.0 = Release|Any CPU
		{8B8D47EE-14CC-4EC0-8745-4F2C9058E75F}.Debug|Any CPU.ActiveCfg = Debug|Any CPU
		{8B8D47EE-14CC-4EC0-8745-4F2C9058E75F}.Debug|Any CPU.Build.0 = Debug|Any CPU
		{8B8D47EE-14CC-4EC0-8745-4F2C9058E75F}.Debug|x64.ActiveCfg = Debug|Any CPU
		{8B8D47EE-14CC-4EC0-8745-4F2C9058E75F}.Debug|x64.Build.0 = Debug|Any CPU
		{8B8D47EE-14CC-4EC0-8745-4F2C9058E75F}.Debug|x86.ActiveCfg = Debug|Any CPU
		{8B8D47EE-14CC-4EC0-8745-4F2C9058E75F}.Debug|x86.Build.0 = Debug|Any CPU
		{8B8D47EE-14CC-4EC0-8745-4F2C9058E75F}.Release|Any CPU.ActiveCfg = Release|Any CPU
		{8B8D47EE-14CC-4EC0-8745-4F2C9058E75F}.Release|Any CPU.Build.0 = Release|Any CPU
		{8B8D47EE-14CC-4EC0-8745-4F2C9058E75F}.Release|x64.ActiveCfg = Release|Any CPU
		{8B8D47EE-14CC-4EC0-8745-4F2C9058E75F}.Release|x64.Build.0 = Release|Any CPU
		{8B8D47EE-14CC-4EC0-8745-4F2C9058E75F}.Release|x86.ActiveCfg = Release|Any CPU
		{8B8D47EE-14CC-4EC0-8745-4F2C9058E75F}.Release|x86.Build.0 = Release|Any CPU
	EndGlobalSection
	GlobalSection(SolutionProperties) = preSolution
		HideSolutionNode = FALSE
	EndGlobalSection
	GlobalSection(ExtensibilityGlobals) = postSolution
		SolutionGuid = {AEB88B8C-8C84-4E97-9886-30CBDD32B34B}
	EndGlobalSection
EndGlobal
